
Microsoft Visual Studio Solution File, Format Version 12.00
# Visual Studio 14
VisualStudioVersion = 14.0.23107.0
MinimumVisualStudioVersion = 10.0.40219.1
Project("{FAE04EC0-301F-11D3-BF4B-00C04F79EFBC}") = "DesktopClient", "DesktopClient\DesktopClient.csproj", "{F390980A-3FFD-4572-94F2-1D10B138DBF1}"
EndProject
Project("{FAE04EC0-301F-11D3-BF4B-00C04F79EFBC}") = "Server", "Server\Server.csproj", "{827AB769-EFDE-4ECD-BD94-EB95DCA94E2F}"
EndProject
Project("{FAE04EC0-301F-11D3-BF4B-00C04F79EFBC}") = "SampleAppToOpen", "SampleAppToOpen\SampleAppToOpen.csproj", "{33BE4899-590F-46FC-B2D0-EA1EA581234E}"
EndProject
Project("{8BC9CEB8-8B4A-11D0-8D11-00A0C91BC942}") = "DesktopClientCppVersion", "DesktopClientCppVersion\DesktopClientCppVersion.vcxproj", "{31CA2D8D-2713-466B-ADD8-F3D2AEC13882}"
EndProject
Global
	GlobalSection(SolutionConfigurationPlatforms) = preSolution
		Debug|Any CPU = Debug|Any CPU
		Debug|x64 = Debug|x64
		Debug|x86 = Debug|x86
		Release|Any CPU = Release|Any CPU
		Release|x64 = Release|x64
		Release|x86 = Release|x86
	EndGlobalSection
	GlobalSection(ProjectConfigurationPlatforms) = postSolution
		{F390980A-3FFD-4572-94F2-1D10B138DBF1}.Debug|Any CPU.ActiveCfg = Debug|Any CPU
		{F390980A-3FFD-4572-94F2-1D10B138DBF1}.Debug|Any CPU.Build.0 = Debug|Any CPU
		{F390980A-3FFD-4572-94F2-1D10B138DBF1}.Debug|x64.ActiveCfg = Debug|Any CPU
		{F390980A-3FFD-4572-94F2-1D10B138DBF1}.Debug|x64.Build.0 = Debug|Any CPU
		{F390980A-3FFD-4572-94F2-1D10B138DBF1}.Debug|x86.ActiveCfg = Debug|Any CPU
		{F390980A-3FFD-4572-94F2-1D10B138DBF1}.Debug|x86.Build.0 = Debug|Any CPU
		{F390980A-3FFD-4572-94F2-1D10B138DBF1}.Release|Any CPU.ActiveCfg = Release|Any CPU
		{F390980A-3FFD-4572-94F2-1D10B138DBF1}.Release|Any CPU.Build.0 = Release|Any CPU
		{F390980A-3FFD-4572-94F2-1D10B138DBF1}.Release|x64.ActiveCfg = Release|Any CPU
		{F390980A-3FFD-4572-94F2-1D10B138DBF1}.Release|x64.Build.0 = Release|Any CPU
		{F390980A-3FFD-4572-94F2-1D10B138DBF1}.Release|x86.ActiveCfg = Release|Any CPU
		{F390980A-3FFD-4572-94F2-1D10B138DBF1}.Release|x86.Build.0 = Release|Any CPU
		{827AB769-EFDE-4ECD-BD94-EB95DCA94E2F}.Debug|Any CPU.ActiveCfg = Debug|Any CPU
		{827AB769-EFDE-4ECD-BD94-EB95DCA94E2F}.Debug|Any CPU.Build.0 = Debug|Any CPU
		{827AB769-EFDE-4ECD-BD94-EB95DCA94E2F}.Debug|x64.ActiveCfg = Debug|Any CPU
		{827AB769-EFDE-4ECD-BD94-EB95DCA94E2F}.Debug|x64.Build.0 = Debug|Any CPU
		{827AB769-EFDE-4ECD-BD94-EB95DCA94E2F}.Debug|x86.ActiveCfg = Debug|Any CPU
		{827AB769-EFDE-4ECD-BD94-EB95DCA94E2F}.Debug|x86.Build.0 = Debug|Any CPU
		{827AB769-EFDE-4ECD-BD94-EB95DCA94E2F}.Release|Any CPU.ActiveCfg = Release|Any CPU
		{827AB769-EFDE-4ECD-BD94-EB95DCA94E2F}.Release|Any CPU.Build.0 = Release|Any CPU
		{827AB769-EFDE-4ECD-BD94-EB95DCA94E2F}.Release|x64.ActiveCfg = Release|Any CPU
		{827AB769-EFDE-4ECD-BD94-EB95DCA94E2F}.Release|x64.Build.0 = Release|Any CPU
		{827AB769-EFDE-4ECD-BD94-EB95DCA94E2F}.Release|x86.ActiveCfg = Release|Any CPU
		{827AB769-EFDE-4ECD-BD94-EB95DCA94E2F}.Release|x86.Build.0 = Release|Any CPU
		{33BE4899-590F-46FC-B2D0-EA1EA581234E}.Debug|Any CPU.ActiveCfg = Debug|Any CPU
		{33BE4899-590F-46FC-B2D0-EA1EA581234E}.Debug|Any CPU.Build.0 = Debug|Any CPU
		{33BE4899-590F-46FC-B2D0-EA1EA581234E}.Debug|x64.ActiveCfg = Debug|Any CPU
		{33BE4899-590F-46FC-B2D0-EA1EA581234E}.Debug|x64.Build.0 = Debug|Any CPU
		{33BE4899-590F-46FC-B2D0-EA1EA581234E}.Debug|x86.ActiveCfg = Debug|Any CPU
		{33BE4899-590F-46FC-B2D0-EA1EA581234E}.Debug|x86.Build.0 = Debug|Any CPU
		{33BE4899-590F-46FC-B2D0-EA1EA581234E}.Release|Any CPU.ActiveCfg = Release|Any CPU
		{33BE4899-590F-46FC-B2D0-EA1EA581234E}.Release|Any CPU.Build.0 = Release|Any CPU
		{33BE4899-590F-46FC-B2D0-EA1EA581234E}.Release|x64.ActiveCfg = Release|Any CPU
		{33BE4899-590F-46FC-B2D0-EA1EA581234E}.Release|x64.Build.0 = Release|Any CPU
		{33BE4899-590F-46FC-B2D0-EA1EA581234E}.Release|x86.ActiveCfg = Release|Any CPU
		{33BE4899-590F-46FC-B2D0-EA1EA581234E}.Release|x86.Build.0 = Release|Any CPU
		{31CA2D8D-2713-466B-ADD8-F3D2AEC13882}.Debug|Any CPU.ActiveCfg = Debug|Win32
		{31CA2D8D-2713-466B-ADD8-F3D2AEC13882}.Debug|x64.ActiveCfg = Debug|x64
		{31CA2D8D-2713-466B-ADD8-F3D2AEC13882}.Debug|x64.Build.0 = Debug|x64
		{31CA2D8D-2713-466B-ADD8-F3D2AEC13882}.Debug|x86.ActiveCfg = Debug|Win32
		{31CA2D8D-2713-466B-ADD8-F3D2AEC13882}.Debug|x86.Build.0 = Debug|Win32
		{31CA2D8D-2713-466B-ADD8-F3D2AEC13882}.Release|Any CPU.ActiveCfg = Release|Win32
		{31CA2D8D-2713-466B-ADD8-F3D2AEC13882}.Release|x64.ActiveCfg = Release|x64
		{31CA2D8D-2713-466B-ADD8-F3D2AEC13882}.Release|x64.Build.0 = Release|x64
		{31CA2D8D-2713-466B-ADD8-F3D2AEC13882}.Release|x86.ActiveCfg = Release|Win32
		{31CA2D8D-2713-466B-ADD8-F3D2AEC13882}.Release|x86.Build.0 = Release|Win32
	EndGlobalSection
	GlobalSection(SolutionProperties) = preSolution
		HideSolutionNode = FALSE
	EndGlobalSection
EndGlobal
